github.com/maccavelli/mcplib v0.2.1 h1:aVngORFzzq7QghIT9hgv4sfHBV0EkaW0YPLfaokqkDA=
github.com/maccavelli/mcplib v0.2.1/go.mod h1:XclEJPtBLvm3wT719Q0S6N4Kn9tEX9B2OUDmdyBLmHE=
golang.org/x/sys v0.45.0 h1:dO4czNzziLiiXplLQgBCEpCvXQ3dnkn0SdaZSYdQ+FY=
golang.org/x/sys v0.45.0/go.mod h1:4GL1E5IUh+htKOUEOaiffhrAeqysfVGipDYzABqnCmw=
golang.org/x/term v0.43.0 h1:S4RLU2sB31O/NCl+zFN9Aru9A/Cq2aqKpTZJ6B+DwT4=
golang.org/x/term v0.43.0/go.mod h1:lrhlHNdQJHO+1qVYiHfFKVuVioJIheAc3fBSMFYEIsk=
